<?xml version="1.0" encoding="utf-8"?>
<Project ToolsVersion="4.0" xmlns="http://schemas.microsoft.com/developer/msbuild/2003">
  <ItemGroup>
    <Filter Include="win32">
      <UniqueIdentifier>{84a8ebd7-7cf0-47f6-b75e-d441df67da40}</UniqueIdentifier>
    </Filter>
    <Filter Include="resource">
      <UniqueIdentifier>{715254bc-d70b-4ec5-bf29-467dd3ace079}</UniqueIdentifier>
    </Filter>
    <Filter Include="src">
      <UniqueIdentifier>{bb6c862e-70e9-49d9-81b7-3829a6f50471}</UniqueIdentifier>
    </Filter>
    <Filter Include="src\game">
      <UniqueIdentifier>{ad07bc81-f781-483d-832b-7ce77287c228}</UniqueIdentifier>
    </Filter>
    <Filter Include="src\game\scenes">
      <UniqueIdentifier>{41573b77-3506-4173-8973-1d8838660a07}</UniqueIdentifier>
    </Filter>
    <Filter Include="src\game\scenes\opening">
      <UniqueIdentifier>{ccc43a9d-b2c2-4c68-a5b2-aec1ef043d7b}</UniqueIdentifier>
    </Filter>
    <Filter Include="src\game\scenes\title">
      <UniqueIdentifier>{1e05fa23-c279-4061-b9f7-752bbce2c3a9}</UniqueIdentifier>
    </Filter>
    <Filter Include="src\game\levels">
      <UniqueIdentifier>{39088bf1-37cf-4b78-9c30-a43361fdf1d8}</UniqueIdentifier>
    </Filter>
    <Filter Include="src\windy">
      <UniqueIdentifier>{1b924b32-32e3-4586-97a7-354937d1eb70}</UniqueIdentifier>
    </Filter>
    <Filter Include="src\windy\core">
      <UniqueIdentifier>{60cb9d61-08e1-4b38-ab1a-778d516366b1}</UniqueIdentifier>
    </Filter>
    <Filter Include="src\windy\core\gameplay">
      <UniqueIdentifier>{b6ad3a8d-065a-4cee-85de-e74d3eae40de}</UniqueIdentifier>
    </Filter>
    <Filter Include="src\game\scenes\menu">
      <UniqueIdentifier>{2847aef6-773f-43c7-a413-1a52142d8124}</UniqueIdentifier>
    </Filter>
  </ItemGroup>
  <ItemGroup>
    <ClCompile Include="main.cpp">
      <Filter>win32</Filter>
    </ClCompile>
    <ClCompile Include="..\Classes\AppDelegate.cpp">
      <Filter>src</Filter>
    </ClCompile>
    <ClCompile Include="..\Classes\game\scenes\opening\opening_scene.cpp">
      <Filter>src\game\scenes\opening</Filter>
    </ClCompile>
    <ClCompile Include="..\Classes\game\scenes\title\title_scene.cpp">
      <Filter>src\game\scenes\title</Filter>
    </ClCompile>
    <ClCompile Include="..\Classes\game\levels\game.cpp">
      <Filter>src\game\levels</Filter>
    </ClCompile>
    <ClCompile Include="..\Classes\game\scenes\menu\menu_scene.cpp">
      <Filter>src\game\scenes\menu</Filter>
    </ClCompile>
  </ItemGroup>
  <ItemGroup>
    <ClInclude Include="main.h">
      <Filter>win32</Filter>
    </ClInclude>
    <ClInclude Include="..\Classes\AppDelegate.h">
      <Filter>src</Filter>
    </ClInclude>
    <ClInclude Include="..\Classes\game\scenes\title\title_scene.hpp">
      <Filter>src\game\scenes\title</Filter>
    </ClInclude>
    <ClInclude Include="..\Classes\game\scenes\opening\opening_scene.hpp">
      <Filter>src\game\scenes\opening</Filter>
    </ClInclude>
    <ClInclude Include="..\Classes\windy\core\gameplay\joypad.hpp">
      <Filter>src\windy\core\gameplay</Filter>
    </ClInclude>
    <ClInclude Include="..\Classes\windy\core\gameplay\key.hpp">
      <Filter>src\windy\core\gameplay</Filter>
    </ClInclude>
    <ClInclude Include="..\Classes\windy\core\gameplay\layout.hpp">
      <Filter>src\windy\core\gameplay</Filter>
    </ClInclude>
    <ClInclude Include="..\Classes\game\levels\game.hpp">
      <Filter>src\game\levels</Filter>
    </ClInclude>
    <ClInclude Include="..\Classes\game\scenes\menu\menu_scene.hpp">
      <Filter>src\game\scenes\menu</Filter>
    </ClInclude>
  </ItemGroup>
  <ItemGroup>
    <ResourceCompile Include="game.rc">
      <Filter>resource</Filter>
    </ResourceCompile>
  </ItemGroup>
</Project>